
Microsoft Visual Studio Solution File, Format Version 12.00
# Visual Studio Version 17
VisualStudioVersion = 17.1.32319.34
MinimumVisualStudioVersion = 10.0.40219.1
Project("{FAE04EC0-301F-11D3-BF4B-00C04F79EFBC}") = "Source", "Source\Source.csproj", "{4F6C03AC-AB15-4C60-812C-A9F86C234C9D}"
EndProject
Global
	GlobalSection(SolutionConfigurationPlatforms) = preSolution
		Debug|Any CPU = Debug|Any CPU
		Release|Any CPU = Release|Any CPU
	EndGlobalSection
	GlobalSection(ProjectConfigurationPlatforms) = postSolution
		{4F6C03AC-AB15-4C60-812C-A9F86C234C9D}.Debug|Any CPU.ActiveCfg = Debug|Any CPU
		{4F6C03AC-AB15-4C60-812C-A9F86C234C9D}.Debug|Any CPU.Build.0 = Debug|Any CPU
		{4F6C03AC-AB15-4C60-812C-A9F86C234C9D}.Release|Any CPU.ActiveCfg = Release|Any CPU
		{4F6C03AC-AB15-4C60-812C-A9F86C234C9D}.Release|Any CPU.Build.0 = Release|Any CPU
	EndGlobalSection
	GlobalSection(SolutionProperties) = preSolution
		HideSolutionNode = FALSE
	EndGlobalSection
	GlobalSection(ExtensibilityGlobals) = postSolution
		SolutionGuid = {1DF6BE0D-B9ED-44F0-A974-0EE7AD69B26D}
	EndGlobalSection
EndGlobal
